// !$*UTF8*$!
{
	archiveVersion = 1;
	classes = {
	};
	objectVersion = 51;
	objects = {

/* Begin PBXBuildFile section */
		3F3F3EBCE086599CFE858074 /* Pods_Restaurant.framework in Frameworks */ = {isa = PBXBuildFile; fileRef = 0CE01DD413E11A5281C9C769 /* Pods_Restaurant.framework */; };
		4E5FACC62325422A00F4BB71 /* RestaurantDetailsVC.swift in Sources */ = {isa = PBXBuildFile; fileRef = 4E5FACC52325422A00F4BB71 /* RestaurantDetailsVC.swift */; };
		4E5FACC82325423E00F4BB71 /* BaseVC.swift in Sources */ = {isa = PBXBuildFile; fileRef = 4E5FACC72325423E00F4BB71 /* BaseVC.swift */; };
		4E5FACCA232543FB00F4BB71 /* RestaurantDetailsCell.swift in Sources */ = {isa = PBXBuildFile; fileRef = 4E5FACC9232543FB00F4BB71 /* RestaurantDetailsCell.swift */; };
		4E649611232683620034172D /* RestaurantsCored.xcdatamodeld in Sources */ = {isa = PBXBuildFile; fileRef = 4E64960F232683620034172D /* RestaurantsCored.xcdatamodeld */; };
		4E75C3DC2329227200D98BD0 /* Localizable.strings in Resources */ = {isa = PBXBuildFile; fileRef = 4E75C3DE2329227200D98BD0 /* Localizable.strings */; };
		4E7BDD7523265EF700BFF0DC /* CreatQuestCell.swift in Sources */ = {isa = PBXBuildFile; fileRef = 4E7BDD7423265EF700BFF0DC /* CreatQuestCell.swift */; };
		4E7C314B232A40B9000964B6 /* NotificationServices.swift in Sources */ = {isa = PBXBuildFile; fileRef = 4E7C314A232A40B9000964B6 /* NotificationServices.swift */; };
		4E7C314D232A43B2000964B6 /* CoreDataServices.swift in Sources */ = {isa = PBXBuildFile; fileRef = 4E7C314C232A43B2000964B6 /* CoreDataServices.swift */; };
		4E7D832D232643490076E4E4 /* DetailStackView.swift in Sources */ = {isa = PBXBuildFile; fileRef = 4E7D832C232643490076E4E4 /* DetailStackView.swift */; };
		4E7D832F23264C2C0076E4E4 /* CreateRestaurantVC.swift in Sources */ = {isa = PBXBuildFile; fileRef = 4E7D832E23264C2C0076E4E4 /* CreateRestaurantVC.swift */; };
		4E7D833123264CF00076E4E4 /* PickedPhototCell.swift in Sources */ = {isa = PBXBuildFile; fileRef = 4E7D833023264CF00076E4E4 /* PickedPhototCell.swift */; };
		4E7D833423264F3A0076E4E4 /* BaseCell.swift in Sources */ = {isa = PBXBuildFile; fileRef = 4E7D833323264F3A0076E4E4 /* BaseCell.swift */; };
		4E7D833623264F9B0076E4E4 /* CreateFieldsCell.swift in Sources */ = {isa = PBXBuildFile; fileRef = 4E7D833523264F9B0076E4E4 /* CreateFieldsCell.swift */; };
		4E7E1BE72327D30A00CF6B1F /* PageModel.swift in Sources */ = {isa = PBXBuildFile; fileRef = 4E7E1BE62327D30A00CF6B1F /* PageModel.swift */; };
		4E7E1BE92327D35C00CF6B1F /* WelcomePageVC.swift in Sources */ = {isa = PBXBuildFile; fileRef = 4E7E1BE82327D35C00CF6B1F /* WelcomePageVC.swift */; };
		4E7E1BEB2327D5BA00CF6B1F /* PageCell.swift in Sources */ = {isa = PBXBuildFile; fileRef = 4E7E1BEA2327D5BA00CF6B1F /* PageCell.swift */; };
		4E80472423251E5F00B277BA /* AppDelegate.swift in Sources */ = {isa = PBXBuildFile; fileRef = 4E80472323251E5F00B277BA /* AppDelegate.swift */; };
		4E80472623251E5F00B277BA /* RestaurantHomeVC.swift in Sources */ = {isa = PBXBuildFile; fileRef = 4E80472523251E5F00B277BA /* RestaurantHomeVC.swift */; };
		4E80472923251E5F00B277BA /* Main.storyboard in Resources */ = {isa = PBXBuildFile; fileRef = 4E80472723251E5F00B277BA /* Main.storyboard */; };
		4E80472B23251E6000B277BA /* Assets.xcassets in Resources */ = {isa = PBXBuildFile; fileRef = 4E80472A23251E6000B277BA /* Assets.xcassets */; };
		4E80472E23251E6000B277BA /* LaunchScreen.storyboard in Resources */ = {isa = PBXBuildFile; fileRef = 4E80472C23251E6000B277BA /* LaunchScreen.storyboard */; };
		4E80473923251F4A00B277BA /* ExtensionUivew.swift in Sources */ = {isa = PBXBuildFile; fileRef = 4E80473823251F4A00B277BA /* ExtensionUivew.swift */; };
		4E80473B23251F9700B277BA /* RestaurantCell.swift in Sources */ = {isa = PBXBuildFile; fileRef = 4E80473A23251F9700B277BA /* RestaurantCell.swift */; };
		4E80473D2325216300B277BA /* RestaurantModel.swift in Sources */ = {isa = PBXBuildFile; fileRef = 4E80473C2325216300B277BA /* RestaurantModel.swift */; };
		4E94A6AC2328EDE0006786CB /* FeedbackVC.swift in Sources */ = {isa = PBXBuildFile; fileRef = 4E94A6AB2328EDE0006786CB /* FeedbackVC.swift */; };
		4EA4D8F623263A6300B5C7AB /* MapKit.framework in Frameworks */ = {isa = PBXBuildFile; fileRef = 4EA4D8F523263A6300B5C7AB /* MapKit.framework */; };
		4EA4D8F823263C4800B5C7AB /* FullyFunctionalMapVC.swift in Sources */ = {isa = PBXBuildFile; fileRef = 4EA4D8F723263C4800B5C7AB /* FullyFunctionalMapVC.swift */; };
		4EA8BE7F232A23B500C94774 /* Extensions.swift in Sources */ = {isa = PBXBuildFile; fileRef = 4EA8BE7E232A23B500C94774 /* Extensions.swift */; };
		4EA8BE83232A278A00C94774 /* BaseCollectionCell.swift in Sources */ = {isa = PBXBuildFile; fileRef = 4EA8BE82232A278A00C94774 /* BaseCollectionCell.swift */; };
		4EB7114A2328D00900909749 /* MainTabBarVC.swift in Sources */ = {isa = PBXBuildFile; fileRef = 4EB711492328D00900909749 /* MainTabBarVC.swift */; };
		4EB7114E2328D0CA00909749 /* AboutVC.swift in Sources */ = {isa = PBXBuildFile; fileRef = 4EB7114D2328D0CA00909749 /* AboutVC.swift */; };
		4EB711502328DB7700909749 /* AboutCell.swift in Sources */ = {isa = PBXBuildFile; fileRef = 4EB7114F2328DB7700909749 /* AboutCell.swift */; };
		4EDA0D852327A0180021BE6A /* ReviewVC.swift in Sources */ = {isa = PBXBuildFile; fileRef = 4EDA0D842327A0180021BE6A /* ReviewVC.swift */; };
/* End PBXBuildFile section */

/* Begin PBXFileReference section */
		0CE01DD413E11A5281C9C769 /* Pods_Restaurant.framework */ = {isa = PBXFileReference; explicitFileType = wrapper.framework; includeInIndex = 0; path = Pods_Restaurant.framework; sourceTree = BUILT_PRODUCTS_DIR; };
		4E5FACC52325422A00F4BB71 /* RestaurantDetailsVC.swift */ = {isa = PBXFileReference; lastKnownFileType = sourcecode.swift; path = RestaurantDetailsVC.swift; sourceTree = "<group>"; };
		4E5FACC72325423E00F4BB71 /* BaseVC.swift */ = {isa = PBXFileReference; lastKnownFileType = sourcecode.swift; path = BaseVC.swift; sourceTree = "<group>"; };
		4E5FACC9232543FB00F4BB71 /* RestaurantDetailsCell.swift */ = {isa = PBXFileReference; lastKnownFileType = sourcecode.swift; path = RestaurantDetailsCell.swift; sourceTree = "<group>"; };
		4E649610232683620034172D /* RestaurantsCored.xcdatamodel */ = {isa = PBXFileReference; lastKnownFileType = wrapper.xcdatamodel; path = RestaurantsCored.xcdatamodel; sourceTree = "<group>"; };
		4E75C3DD2329227200D98BD0 /* en */ = {isa = PBXFileReference; lastKnownFileType = text.plist.strings; name = en; path = en.lproj/Localizable.strings; sourceTree = "<group>"; };
		4E75C3DF2329227C00D98BD0 /* en */ = {isa = PBXFileReference; lastKnownFileType = file.storyboard; name = en; path = en.lproj/LaunchScreen.storyboard; sourceTree = "<group>"; };
		4E75C3E02329227C00D98BD0 /* en */ = {isa = PBXFileReference; lastKnownFileType = file.storyboard; name = en; path = en.lproj/Main.storyboard; sourceTree = "<group>"; };
		4E75C3E12329228600D98BD0 /* ar */ = {isa = PBXFileReference; lastKnownFileType = text.plist.strings; name = ar; path = ar.lproj/Localizable.strings; sourceTree = "<group>"; };
		4E7BDD7423265EF700BFF0DC /* CreatQuestCell.swift */ = {isa = PBXFileReference; lastKnownFileType = sourcecode.swift; path = CreatQuestCell.swift; sourceTree = "<group>"; };
		4E7C314A232A40B9000964B6 /* NotificationServices.swift */ = {isa = PBXFileReference; lastKnownFileType = sourcecode.swift; path = NotificationServices.swift; sourceTree = "<group>"; };
		4E7C314C232A43B2000964B6 /* CoreDataServices.swift */ = {isa = PBXFileReference; lastKnownFileType = sourcecode.swift; path = CoreDataServices.swift; sourceTree = "<group>"; };
		4E7D832C232643490076E4E4 /* DetailStackView.swift */ = {isa = PBXFileReference; lastKnownFileType = sourcecode.swift; path = DetailStackView.swift; sourceTree = "<group>"; };
		4E7D832E23264C2C0076E4E4 /* CreateRestaurantVC.swift */ = {isa = PBXFileReference; lastKnownFileType = sourcecode.swift; path = CreateRestaurantVC.swift; sourceTree = "<group>"; };
		4E7D833023264CF00076E4E4 /* PickedPhototCell.swift */ = {isa = PBXFileReference; lastKnownFileType = sourcecode.swift; path = PickedPhototCell.swift; sourceTree = "<group>"; };
		4E7D833323264F3A0076E4E4 /* BaseCell.swift */ = {isa = PBXFileReference; lastKnownFileType = sourcecode.swift; path = BaseCell.swift; sourceTree = "<group>"; };
		4E7D833523264F9B0076E4E4 /* CreateFieldsCell.swift */ = {isa = PBXFileReference; lastKnownFileType = sourcecode.swift; path = CreateFieldsCell.swift; sourceTree = "<group>"; };
		4E7E1BE62327D30A00CF6B1F /* PageModel.swift */ = {isa = PBXFileReference; lastKnownFileType = sourcecode.swift; path = PageModel.swift; sourceTree = "<group>"; };
		4E7E1BE82327D35C00CF6B1F /* WelcomePageVC.swift */ = {isa = PBXFileReference; lastKnownFileType = sourcecode.swift; path = WelcomePageVC.swift; sourceTree = "<group>"; };
		4E7E1BEA2327D5BA00CF6B1F /* PageCell.swift */ = {isa = PBXFileReference; lastKnownFileType = sourcecode.swift; path = PageCell.swift; sourceTree = "<group>"; };
		4E80472023251E5F00B277BA /* Restaurant.app */ = {isa = PBXFileReference; explicitFileType = wrapper.application; includeInIndex = 0; path = Restaurant.app; sourceTree = BUILT_PRODUCTS_DIR; };
		4E80472323251E5F00B277BA /* AppDelegate.swift */ = {isa = PBXFileReference; lastKnownFileType = sourcecode.swift; path = AppDelegate.swift; sourceTree = "<group>"; };
		4E80472523251E5F00B277BA /* RestaurantHomeVC.swift */ = {isa = PBXFileReference; lastKnownFileType = sourcecode.swift; path = RestaurantHomeVC.swift; sourceTree = "<group>"; };
		4E80472A23251E6000B277BA /* Assets.xcassets */ = {isa = PBXFileReference; lastKnownFileType = folder.assetcatalog; path = Assets.xcassets; sourceTree = "<group>"; };
		4E80472F23251E6000B277BA /* Info.plist */ = {isa = PBXFileReference; lastKnownFileType = text.plist.xml; path = Info.plist; sourceTree = "<group>"; };
		4E80473823251F4A00B277BA /* ExtensionUivew.swift */ = {isa = PBXFileReference; fileEncoding = 4; lastKnownFileType = sourcecode.swift; path = ExtensionUivew.swift; sourceTree = "<group>"; };
		4E80473A23251F9700B277BA /* RestaurantCell.swift */ = {isa = PBXFileReference; lastKnownFileType = sourcecode.swift; path = RestaurantCell.swift; sourceTree = "<group>"; };
		4E80473C2325216300B277BA /* RestaurantModel.swift */ = {isa = PBXFileReference; lastKnownFileType = sourcecode.swift; path = RestaurantModel.swift; sourceTree = "<group>"; };
		4E94A6AB2328EDE0006786CB /* FeedbackVC.swift */ = {isa = PBXFileReference; lastKnownFileType = sourcecode.swift; path = FeedbackVC.swift; sourceTree = "<group>"; };
		4EA4D8F523263A6300B5C7AB /* MapKit.framework */ = {isa = PBXFileReference; lastKnownFileType = wrapper.framework; name = MapKit.framework; path = System/Library/Frameworks/MapKit.framework; sourceTree = SDKROOT; };
		4EA4D8F723263C4800B5C7AB /* FullyFunctionalMapVC.swift */ = {isa = PBXFileReference; lastKnownFileType = sourcecode.swift; path = FullyFunctionalMapVC.swift; sourceTree = "<group>"; };
		4EA8BE7E232A23B500C94774 /* Extensions.swift */ = {isa = PBXFileReference; lastKnownFileType = sourcecode.swift; path = Extensions.swift; sourceTree = "<group>"; };
		4EA8BE82232A278A00C94774 /* BaseCollectionCell.swift */ = {isa = PBXFileReference; lastKnownFileType = sourcecode.swift; path = BaseCollectionCell.swift; sourceTree = "<group>"; };
		4EB711492328D00900909749 /* MainTabBarVC.swift */ = {isa = PBXFileReference; lastKnownFileType = sourcecode.swift; path = MainTabBarVC.swift; sourceTree = "<group>"; };
		4EB7114D2328D0CA00909749 /* AboutVC.swift */ = {isa = PBXFileReference; lastKnownFileType = sourcecode.swift; path = AboutVC.swift; sourceTree = "<group>"; };
		4EB7114F2328DB7700909749 /* AboutCell.swift */ = {isa = PBXFileReference; lastKnownFileType = sourcecode.swift; path = AboutCell.swift; sourceTree = "<group>"; };
		4EDA0D842327A0180021BE6A /* ReviewVC.swift */ = {isa = PBXFileReference; lastKnownFileType = sourcecode.swift; path = ReviewVC.swift; sourceTree = "<group>"; };
		5CBABF414494D2A9F30B20ED /* Pods-Restaurant.release.xcconfig */ = {isa = PBXFileReference; includeInIndex = 1; lastKnownFileType = text.xcconfig; name = "Pods-Restaurant.release.xcconfig"; path = "Target Support Files/Pods-Restaurant/Pods-Restaurant.release.xcconfig"; sourceTree = "<group>"; };
		DE3BDD0130A64E7CCD99B61A /* Pods-Restaurant.debug.xcconfig */ = {isa = PBXFileReference; includeInIndex = 1; lastKnownFileType = text.xcconfig; name = "Pods-Restaurant.debug.xcconfig"; path = "Target Support Files/Pods-Restaurant/Pods-Restaurant.debug.xcconfig"; sourceTree = "<group>"; };
/* End PBXFileReference section */

/* Begin PBXFrameworksBuildPhase section */
		4E80471D23251E5F00B277BA /* Frameworks */ = {
			isa = PBXFrameworksBuildPhase;
			buildActionMask = 2147483647;
			files = (
				4EA4D8F623263A6300B5C7AB /* MapKit.framework in Frameworks */,
				3F3F3EBCE086599CFE858074 /* Pods_Restaurant.framework in Frameworks */,
			);
			runOnlyForDeploymentPostprocessing = 0;
		};
/* End PBXFrameworksBuildPhase section */

/* Begin PBXGroup section */
		4E75C3DB2329226800D98BD0 /* localization */ = {
			isa = PBXGroup;
			children = (
				4E75C3DE2329227200D98BD0 /* Localizable.strings */,
			);
			path = localization;
			sourceTree = "<group>";
		};
		4E7C3149232A409E000964B6 /* Services */ = {
			isa = PBXGroup;
			children = (
				4E7C314A232A40B9000964B6 /* NotificationServices.swift */,
				4E7C314C232A43B2000964B6 /* CoreDataServices.swift */,
			);
			path = Services;
			sourceTree = "<group>";
		};
		4E7D833223264CF30076E4E4 /* Create */ = {
			isa = PBXGroup;
			children = (
				4E7D833023264CF00076E4E4 /* PickedPhototCell.swift */,
				4E7D833523264F9B0076E4E4 /* CreateFieldsCell.swift */,
				4E7BDD7423265EF700BFF0DC /* CreatQuestCell.swift */,
			);
			path = Create;
			sourceTree = "<group>";
		};
		4E7E1BE52327D22500CF6B1F /* PagesControllers */ = {
			isa = PBXGroup;
			children = (
				4E7E1BE82327D35C00CF6B1F /* WelcomePageVC.swift */,
			);
			path = PagesControllers;
			sourceTree = "<group>";
		};
		4E80471723251E5F00B277BA = {
			isa = PBXGroup;
			children = (
				4E80472223251E5F00B277BA /* Restaurant */,
				4E80472123251E5F00B277BA /* Products */,
				4EA4D8F423263A6300B5C7AB /* Frameworks */,
				BF5F82AA8BC234E232386012 /* Pods */,
			);
			sourceTree = "<group>";
		};
		4E80472123251E5F00B277BA /* Products */ = {
			isa = PBXGroup;
			children = (
				4E80472023251E5F00B277BA /* Restaurant.app */,
			);
			name = Products;
			sourceTree = "<group>";
		};
		4E80472223251E5F00B277BA /* Restaurant */ = {
			isa = PBXGroup;
			children = (
				4E80472323251E5F00B277BA /* AppDelegate.swift */,
				4E7C3149232A409E000964B6 /* Services */,
				4E80473723251E7700B277BA /* model */,
				4E80473623251E7200B277BA /* view */,
				4E80473523251E6A00B277BA /* controller */,
				4E80472723251E5F00B277BA /* Main.storyboard */,
				4E80472A23251E6000B277BA /* Assets.xcassets */,
				4E80472C23251E6000B277BA /* LaunchScreen.storyboard */,
				4E80472F23251E6000B277BA /* Info.plist */,
				4EA8BE7D232A23A300C94774 /* Extensions */,
				4E64960F232683620034172D /* RestaurantsCored.xcdatamodeld */,
				4E75C3DB2329226800D98BD0 /* localization */,
			);
			path = Restaurant;
			sourceTree = "<group>";
		};
		4E80473523251E6A00B277BA /* controller */ = {
			isa = PBXGroup;
			children = (
				4E5FACC72325423E00F4BB71 /* BaseVC.swift */,
				4EB711492328D00900909749 /* MainTabBarVC.swift */,
				4E94A6AA2328EDCB006786CB /* About US */,
				4E7E1BE52327D22500CF6B1F /* PagesControllers */,
				4E80472523251E5F00B277BA /* RestaurantHomeVC.swift */,
				4E5FACC52325422A00F4BB71 /* RestaurantDetailsVC.swift */,
				4EA4D8F723263C4800B5C7AB /* FullyFunctionalMapVC.swift */,
				4E7D832E23264C2C0076E4E4 /* CreateRestaurantVC.swift */,
				4EDA0D842327A0180021BE6A /* ReviewVC.swift */,
			);
			path = controller;
			sourceTree = "<group>";
		};
		4E80473623251E7200B277BA /* view */ = {
			isa = PBXGroup;
			children = (
				4E7D833323264F3A0076E4E4 /* BaseCell.swift */,
				4EA8BE82232A278A00C94774 /* BaseCollectionCell.swift */,
				4E80473A23251F9700B277BA /* RestaurantCell.swift */,
				4E5FACC9232543FB00F4BB71 /* RestaurantDetailsCell.swift */,
				4E7D832C232643490076E4E4 /* DetailStackView.swift */,
				4E7D833223264CF30076E4E4 /* Create */,
				4E7E1BEA2327D5BA00CF6B1F /* PageCell.swift */,
				4EB7114F2328DB7700909749 /* AboutCell.swift */,
			);
			path = view;
			sourceTree = "<group>";
		};
		4E80473723251E7700B277BA /* model */ = {
			isa = PBXGroup;
			children = (
				4E80473C2325216300B277BA /* RestaurantModel.swift */,
				4E7E1BE62327D30A00CF6B1F /* PageModel.swift */,
			);
			path = model;
			sourceTree = "<group>";
		};
		4E94A6AA2328EDCB006786CB /* About US */ = {
			isa = PBXGroup;
			children = (
				4EB7114D2328D0CA00909749 /* AboutVC.swift */,
				4E94A6AB2328EDE0006786CB /* FeedbackVC.swift */,
			);
			path = "About US";
			sourceTree = "<group>";
		};
		4EA4D8F423263A6300B5C7AB /* Frameworks */ = {
			isa = PBXGroup;
			children = (
				4EA4D8F523263A6300B5C7AB /* MapKit.framework */,
				0CE01DD413E11A5281C9C769 /* Pods_Restaurant.framework */,
			);
			name = Frameworks;
			sourceTree = "<group>";
		};
		4EA8BE7D232A23A300C94774 /* Extensions */ = {
			isa = PBXGroup;
			children = (
				4E80473823251F4A00B277BA /* ExtensionUivew.swift */,
				4EA8BE7E232A23B500C94774 /* Extensions.swift */,
			);
			path = Extensions;
			sourceTree = "<group>";
		};
		BF5F82AA8BC234E232386012 /* Pods */ = {
			isa = PBXGroup;
			children = (
				DE3BDD0130A64E7CCD99B61A /* Pods-Restaurant.debug.xcconfig */,
				5CBABF414494D2A9F30B20ED /* Pods-Restaurant.release.xcconfig */,
			);
			path = Pods;
			sourceTree = "<group>";
		};
/* End PBXGroup section */

/* Begin PBXNativeTarget section */
		4E80471F23251E5F00B277BA /* Restaurant */ = {
			isa = PBXNativeTarget;
			buildConfigurationList = 4E80473223251E6000B277BA /* Build configuration list for PBXNativeTarget "Restaurant" */;
			buildPhases = (
				E3C1FC947551C474888B9C6A /* [CP] Check Pods Manifest.lock */,
				4E80471C23251E5F00B277BA /* Sources */,
				4E80471D23251E5F00B277BA /* Frameworks */,
				4E80471E23251E5F00B277BA /* Resources */,
				260E48B9FD2867C3EA82D4B6 /* [CP] Embed Pods Frameworks */,
			);
			buildRules = (
			);
			dependencies = (
			);
			name = Restaurant;
			productName = Restaurant;
			productReference = 4E80472023251E5F00B277BA /* Restaurant.app */;
			productType = "com.apple.product-type.application";
		};
/* End PBXNativeTarget section */

/* Begin PBXProject section */
		4E80471823251E5F00B277BA /* Project object */ = {
			isa = PBXProject;
			attributes = {
				LastSwiftUpdateCheck = 1020;
				LastUpgradeCheck = 1020;
				ORGANIZATIONNAME = hosam;
				TargetAttributes = {
					4E80471F23251E5F00B277BA = {
						CreatedOnToolsVersion = 10.2.1;
						SystemCapabilities = {
							com.apple.Maps.iOS = {
								enabled = 1;
							};
						};
					};
				};
			};
			buildConfigurationList = 4E80471B23251E5F00B277BA /* Build configuration list for PBXProject "Restaurant" */;
			compatibilityVersion = "Xcode 9.3";
			developmentRegion = en;
			hasScannedForEncodings = 0;
			knownRegions = (
				en,
				ar,
			);
			mainGroup = 4E80471723251E5F00B277BA;
			productRefGroup = 4E80472123251E5F00B277BA /* Products */;
			projectDirPath = "";
			projectRoot = "";
			targets = (
				4E80471F23251E5F00B277BA /* Restaurant */,
			);
		};
/* End PBXProject section */

/* Begin PBXResourcesBuildPhase section */
		4E80471E23251E5F00B277BA /* Resources */ = {
			isa = PBXResourcesBuildPhase;
			buildActionMask = 2147483647;
			files = (
				4E80472E23251E6000B277BA /* LaunchScreen.storyboard in Resources */,
				4E75C3DC2329227200D98BD0 /* Localizable.strings in Resources */,
				4E80472B23251E6000B277BA /* Assets.xcassets in Resources */,
				4E80472923251E5F00B277BA /* Main.storyboard in Resources */,
			);
			runOnlyForDeploymentPostprocessing = 0;
		};
/* End PBXResourcesBuildPhase section */

/* Begin PBXShellScriptBuildPhase section */
		260E48B9FD2867C3EA82D4B6 /* [CP] Embed Pods Frameworks */ = {
			isa = PBXShellScriptBuildPhase;
			buildActionMask = 2147483647;
			files = (
			);
			inputFileListPaths = (
				"${PODS_ROOT}/Target Support Files/Pods-Restaurant/Pods-Restaurant-frameworks-${CONFIGURATION}-input-files.xcfilelist",
			);
			name = "[CP] Embed Pods Frameworks";
			outputFileListPaths = (
				"${PODS_ROOT}/Target Support Files/Pods-Restaurant/Pods-Restaurant-frameworks-${CONFIGURATION}-output-files.xcfilelist",
			);
			runOnlyForDeploymentPostprocessing = 0;
			shellPath = /bin/sh;
			shellScript = "\"${PODS_ROOT}/Target Support Files/Pods-Restaurant/Pods-Restaurant-frameworks.sh\"\n";
			showEnvVarsInLog = 0;
		};
		E3C1FC947551C474888B9C6A /* [CP] Check Pods Manifest.lock */ = {
			isa = PBXShellScriptBuildPhase;
			buildActionMask = 2147483647;
			files = (
			);
			inputFileListPaths = (
			);
			inputPaths = (
				"${PODS_PODFILE_DIR_PATH}/Podfile.lock",
				"${PODS_ROOT}/Manifest.lock",
			);
			name = "[CP] Check Pods Manifest.lock";
			outputFileListPaths = (
			);
			outputPaths = (
				"$(DERIVED_FILE_DIR)/Pods-Restaurant-checkManifestLockResult.txt",
			);
			runOnlyForDeploymentPostprocessing = 0;
			shellPath = /bin/sh;
			shellScript = "diff \"${PODS_PODFILE_DIR_PATH}/Podfile.lock\" \"${PODS_ROOT}/Manifest.lock\" > /dev/null\nif [ $? != 0 ] ; then\n    # print error to STDERR\n    echo \"error: The sandbox is not in sync with the Podfile.lock. Run 'pod install' or update your CocoaPods installation.\" >&2\n    exit 1\nfi\n# This output is used by Xcode 'outputs' to avoid re-running this script phase.\necho \"SUCCESS\" > \"${SCRIPT_OUTPUT_FILE_0}\"\n";
			showEnvVarsInLog = 0;
		};
/* End PBXShellScriptBuildPhase section */

/* Begin PBXSourcesBuildPhase section */
		4E80471C23251E5F00B277BA /* Sources */ = {
			isa = PBXSourcesBuildPhase;
			buildActionMask = 2147483647;
			files = (
				4E7E1BE92327D35C00CF6B1F /* WelcomePageVC.swift in Sources */,
				4E80472623251E5F00B277BA /* RestaurantHomeVC.swift in Sources */,
				4E80473B23251F9700B277BA /* RestaurantCell.swift in Sources */,
				4EA4D8F823263C4800B5C7AB /* FullyFunctionalMapVC.swift in Sources */,
				4EB7114A2328D00900909749 /* MainTabBarVC.swift in Sources */,
				4EB711502328DB7700909749 /* AboutCell.swift in Sources */,
				4EA8BE83232A278A00C94774 /* BaseCollectionCell.swift in Sources */,
				4E80472423251E5F00B277BA /* AppDelegate.swift in Sources */,
				4E7E1BE72327D30A00CF6B1F /* PageModel.swift in Sources */,
				4EB7114E2328D0CA00909749 /* AboutVC.swift in Sources */,
				4E7E1BEB2327D5BA00CF6B1F /* PageCell.swift in Sources */,
				4E80473923251F4A00B277BA /* ExtensionUivew.swift in Sources */,
				4EDA0D852327A0180021BE6A /* ReviewVC.swift in Sources */,
				4E7BDD7523265EF700BFF0DC /* CreatQuestCell.swift in Sources */,
				4E7D833423264F3A0076E4E4 /* BaseCell.swift in Sources */,
				4E7C314B232A40B9000964B6 /* NotificationServices.swift in Sources */,
				4E5FACC62325422A00F4BB71 /* RestaurantDetailsVC.swift in Sources */,
				4E7C314D232A43B2000964B6 /* CoreDataServices.swift in Sources */,
				4E5FACCA232543FB00F4BB71 /* RestaurantDetailsCell.swift in Sources */,
				4E94A6AC2328EDE0006786CB /* FeedbackVC.swift in Sources */,
				4E7D832F23264C2C0076E4E4 /* CreateRestaurantVC.swift in Sources */,
				4E5FACC82325423E00F4BB71 /* BaseVC.swift in Sources */,
				4E7D832D232643490076E4E4 /* DetailStackView.swift in Sources */,
				4E80473D2325216300B277BA /* RestaurantModel.swift in Sources */,
				4EA8BE7F232A23B500C94774 /* Extensions.swift in Sources */,
				4E7D833623264F9B0076E4E4 /* CreateFieldsCell.swift in Sources */,
				4E649611232683620034172D /* RestaurantsCored.xcdatamodeld in Sources */,
				4E7D833123264CF00076E4E4 /* PickedPhototCell.swift in Sources */,
			);
			runOnlyForDeploymentPostprocessing = 0;
		};
/* End PBXSourcesBuildPhase section */

/* Begin PBXVariantGroup section */
		4E75C3DE2329227200D98BD0 /* Localizable.strings */ = {
			isa = PBXVariantGroup;
			children = (
				4E75C3DD2329227200D98BD0 /* en */,
				4E75C3E12329228600D98BD0 /* ar */,
			);
			name = Localizable.strings;
			sourceTree = "<group>";
		};
		4E80472723251E5F00B277BA /* Main.storyboard */ = {
			isa = PBXVariantGroup;
			children = (
				4E75C3E02329227C00D98BD0 /* en */,
			);
			name = Main.storyboard;
			sourceTree = "<group>";
		};
		4E80472C23251E6000B277BA /* LaunchScreen.storyboard */ = {
			isa = PBXVariantGroup;
			children = (
				4E75C3DF2329227C00D98BD0 /* en */,
			);
			name = LaunchScreen.storyboard;
			sourceTree = "<group>";
		};
/* End PBXVariantGroup section */

/* Begin XCBuildConfiguration section */
		4E80473023251E6000B277BA /* Debug */ = {
			isa = XCBuildConfiguration;
			buildSettings = {
				ALWAYS_SEARCH_USER_PATHS = NO;
				CLANG_ANALYZER_LOCALIZABILITY_NONLOCALIZED = YES;
				CLANG_ANALYZER_NONNULL = YES;
				CLANG_ANALYZER_NUMBER_OBJECT_CONVERSION = YES_AGGRESSIVE;
				CLANG_CXX_LANGUAGE_STANDARD = "gnu++14";
				CLANG_CXX_LIBRARY = "libc++";
				CLANG_ENABLE_MODULES = YES;
				CLANG_ENABLE_OBJC_ARC = YES;
				CLANG_ENABLE_OBJC_WEAK = YES;
				CLANG_WARN_BLOCK_CAPTURE_AUTORELEASING = YES;
				CLANG_WARN_BOOL_CONVERSION = YES;
				CLANG_WARN_COMMA = YES;
				CLANG_WARN_CONSTANT_CONVERSION = YES;
				CLANG_WARN_DEPRECATED_OBJC_IMPLEMENTATIONS = YES;
				CLANG_WARN_DIRECT_OBJC_ISA_USAGE = YES_ERROR;
				CLANG_WARN_DOCUMENTATION_COMMENTS = YES;
				CLANG_WARN_EMPTY_BODY = YES;
				CLANG_WARN_ENUM_CONVERSION = YES;
				CLANG_WARN_INFINITE_RECURSION = YES;
				CLANG_WARN_INT_CONVERSION = YES;
				CLANG_WARN_NON_LITERAL_NULL_CONVERSION = YES;
				CLANG_WARN_OBJC_IMPLICIT_RETAIN_SELF = YES;
				CLANG_WARN_OBJC_LITERAL_CONVERSION = YES;
				CLANG_WARN_OBJC_ROOT_CLASS = YES_ERROR;
				CLANG_WARN_RANGE_LOOP_ANALYSIS = YES;
				CLANG_WARN_STRICT_PROTOTYPES = YES;
				CLANG_WARN_SUSPICIOUS_MOVE = YES;
				CLANG_WARN_UNGUARDED_AVAILABILITY = YES_AGGRESSIVE;
				CLANG_WARN_UNREACHABLE_CODE = YES;
				CLANG_WARN__DUPLICATE_METHOD_MATCH = YES;
				CODE_SIGN_IDENTITY = "iPhone Developer";
				COPY_PHASE_STRIP = NO;
				DEBUG_INFORMATION_FORMAT = dwarf;
				ENABLE_STRICT_OBJC_MSGSEND = YES;
				ENABLE_TESTABILITY = YES;
				GCC_C_LANGUAGE_STANDARD = gnu11;
				GCC_DYNAMIC_NO_PIC = NO;
				GCC_NO_COMMON_BLOCKS = YES;
				GCC_OPTIMIZATION_LEVEL = 0;
				GCC_PREPROCESSOR_DEFINITIONS = (
					"DEBUG=1",
					"$(inherited)",
				);
				GCC_WARN_64_TO_32_BIT_CONVERSION = YES;
				GCC_WARN_ABOUT_RETURN_TYPE = YES_ERROR;
				GCC_WARN_UNDECLARED_SELECTOR = YES;
				GCC_WARN_UNINITIALIZED_AUTOS = YES_AGGRESSIVE;
				GCC_WARN_UNUSED_FUNCTION = YES;
				GCC_WARN_UNUSED_VARIABLE = YES;
				IPHONEOS_DEPLOYMENT_TARGET = 12.2;
				MTL_ENABLE_DEBUG_INFO = INCLUDE_SOURCE;
				MTL_FAST_MATH = YES;
				ONLY_ACTIVE_ARCH = YES;
				SDKROOT = iphoneos;
				SWIFT_ACTIVE_COMPILATION_CONDITIONS = DEBUG;
				SWIFT_OPTIMIZATION_LEVEL = "-Onone";
			};
			name = Debug;
		};
		4E80473123251E6000B277BA /* Release */ = {
			isa = XCBuildConfiguration;
			buildSettings = {
				ALWAYS_SEARCH_USER_PATHS = NO;
				CLANG_ANALYZER_LOCALIZABILITY_NONLOCALIZED = YES;
				CLANG_ANALYZER_NONNULL = YES;
				CLANG_ANALYZER_NUMBER_OBJECT_CONVERSION = YES_AGGRESSIVE;
				CLANG_CXX_LANGUAGE_STANDARD = "gnu++14";
				CLANG_CXX_LIBRARY = "libc++";
				CLANG_ENABLE_MODULES = YES;
				CLANG_ENABLE_OBJC_ARC = YES;
				CLANG_ENABLE_OBJC_WEAK = YES;
				CLANG_WARN_BLOCK_CAPTURE_AUTORELEASING = YES;
				CLANG_WARN_BOOL_CONVERSION = YES;
				CLANG_WARN_COMMA = YES;
				CLANG_WARN_CONSTANT_CONVERSION = YES;
				CLANG_WARN_DEPRECATED_OBJC_IMPLEMENTATIONS = YES;
				CLANG_WARN_DIRECT_OBJC_ISA_USAGE = YES_ERROR;
				CLANG_WARN_DOCUMENTATION_COMMENTS = YES;
				CLANG_WARN_EMPTY_BODY = YES;
				CLANG_WARN_ENUM_CONVERSION = YES;
				CLANG_WARN_INFINITE_RECURSION = YES;
				CLANG_WARN_INT_CONVERSION = YES;
				CLANG_WARN_NON_LITERAL_NULL_CONVERSION = YES;
				CLANG_WARN_OBJC_IMPLICIT_RETAIN_SELF = YES;
				CLANG_WARN_OBJC_LITERAL_CONVERSION = YES;
				CLANG_WARN_OBJC_ROOT_CLASS = YES_ERROR;
				CLANG_WARN_RANGE_LOOP_ANALYSIS = YES;
				CLANG_WARN_STRICT_PROTOTYPES = YES;
				CLANG_WARN_SUSPICIOUS_MOVE = YES;
				CLANG_WARN_UNGUARDED_AVAILABILITY = YES_AGGRESSIVE;
				CLANG_WARN_UNREACHABLE_CODE = YES;
				CLANG_WARN__DUPLICATE_METHOD_MATCH = YES;
				CODE_SIGN_IDENTITY = "iPhone Developer";
				COPY_PHASE_STRIP = NO;
				DEBUG_INFORMATION_FORMAT = "dwarf-with-dsym";
				ENABLE_NS_ASSERTIONS = NO;
				ENABLE_STRICT_OBJC_MSGSEND = YES;
				GCC_C_LANGUAGE_STANDARD = gnu11;
				GCC_NO_COMMON_BLOCKS = YES;
				GCC_WARN_64_TO_32_BIT_CONVERSION = YES;
				GCC_WARN_ABOUT_RETURN_TYPE = YES_ERROR;
				GCC_WARN_UNDECLARED_SELECTOR = YES;
				GCC_WARN_UNINITIALIZED_AUTOS = YES_AGGRESSIVE;
				GCC_WARN_UNUSED_FUNCTION = YES;
				GCC_WARN_UNUSED_VARIABLE = YES;
				IPHONEOS_DEPLOYMENT_TARGET = 12.2;
				MTL_ENABLE_DEBUG_INFO = NO;
				MTL_FAST_MATH = YES;
				SDKROOT = iphoneos;
				SWIFT_COMPILATION_MODE = wholemodule;
				SWIFT_OPTIMIZATION_LEVEL = "-O";
				VALIDATE_PRODUCT = YES;
			};
			name = Release;
		};
		4E80473323251E6000B277BA /* Debug */ = {
			isa = XCBuildConfiguration;
			baseConfigurationReference = DE3BDD0130A64E7CCD99B61A /* Pods-Restaurant.debug.xcconfig */;
			buildSettings = {
				ASSETCATALOG_COMPILER_APPICON_NAME = AppIcon;
				CODE_SIGN_STYLE = Automatic;
				DEVELOPMENT_TEAM = 5RTZJMVRS2;
				INFOPLIST_FILE = Restaurant/Info.plist;
				LD_RUNPATH_SEARCH_PATHS = (
					"$(inherited)",
					"@executable_path/Frameworks",
				);
				PRODUCT_BUNDLE_IDENTIFIER = com.hosam.net.Restaurant;
				PRODUCT_NAME = "$(TARGET_NAME)";
				SWIFT_VERSION = 5.0;
				TARGETED_DEVICE_FAMILY = "1,2";
			};
			name = Debug;
		};
		4E80473423251E6000B277BA /* Release */ = {
			isa = XCBuildConfiguration;
			baseConfigurationReference = 5CBABF414494D2A9F30B20ED /* Pods-Restaurant.release.xcconfig */;
			buildSettings = {
				ASSETCATALOG_COMPILER_APPICON_NAME = AppIcon;
				CODE_SIGN_STYLE = Automatic;
				DEVELOPMENT_TEAM = 5RTZJMVRS2;
				INFOPLIST_FILE = Restaurant/Info.plist;
				LD_RUNPATH_SEARCH_PATHS = (
					"$(inherited)",
					"@executable_path/Frameworks",
				);
				PRODUCT_BUNDLE_IDENTIFIER = com.hosam.net.Restaurant;
				PRODUCT_NAME = "$(TARGET_NAME)";
				SWIFT_VERSION = 5.0;
				TARGETED_DEVICE_FAMILY = "1,2";
			};
			name = Release;
		};
/* End XCBuildConfiguration section */

/* Begin XCConfigurationList section */
		4E80471B23251E5F00B277BA /* Build configuration list for PBXProject "Restaurant" */ = {
			isa = XCConfigurationList;
			buildConfigurations = (
				4E80473023251E6000B277BA /* Debug */,
				4E80473123251E6000B277BA /* Release */,
			);
			defaultConfigurationIsVisible = 0;
			defaultConfigurationName = Release;
		};
		4E80473223251E6000B277BA /* Build configuration list for PBXNativeTarget "Restaurant" */ = {
			isa = XCConfigurationList;
			buildConfigurations = (
				4E80473323251E6000B277BA /* Debug */,
				4E80473423251E6000B277BA /* Release */,
			);
			defaultConfigurationIsVisible = 0;
			defaultConfigurationName = Release;
		};
/* End XCConfigurationList section */

/* Begin XCVersionGroup section */
		4E64960F232683620034172D /* RestaurantsCored.xcdatamodeld */ = {
			isa = XCVersionGroup;
			children = (
				4E649610232683620034172D /* RestaurantsCored.xcdatamodel */,
			);
			currentVersion = 4E649610232683620034172D /* RestaurantsCored.xcdatamodel */;
			path = RestaurantsCored.xcdatamodeld;
			sourceTree = "<group>";
			versionGroupType = wrapper.xcdatamodel;
		};
/* End XCVersionGroup section */
	};
	rootObject = 4E80471823251E5F00B277BA /* Project object */;
}
